
Microsoft Visual Studio Solution File, Format Version 12.00
Project("{FAE04EC0-301F-11D3-BF4B-00C04F79EFBC}") = "ProjectDataCompression", "ProjectDataCompression\ProjectDataCompression.csproj", "{4584C89E-AA48-435F-A543-BB19C8BCD3FB}"
EndProject
Global
	GlobalSection(SolutionConfigurationPlatforms) = preSolution
		Debug|Any CPU = Debug|Any CPU
		Release|Any CPU = Release|Any CPU
	EndGlobalSection
	GlobalSection(ProjectConfigurationPlatforms) = postSolution
		{4584C89E-AA48-435F-A543-BB19C8BCD3FB}.Debug|Any CPU.ActiveCfg = Debug|Any CPU
		{4584C89E-AA48-435F-A543-BB19C8BCD3FB}.Debug|Any CPU.Build.0 = Debug|Any CPU
		{4584C89E-AA48-435F-A543-BB19C8BCD3FB}.Release|Any CPU.ActiveCfg = Release|Any CPU
		{4584C89E-AA48-435F-A543-BB19C8BCD3FB}.Release|Any CPU.Build.0 = Release|Any CPU
	EndGlobalSection
EndGlobal
